{
    "_readme": [
        "This file locks the dependencies of your project to a known state",
        "Read more about it at http://getcomposer.org/doc/01-basic-usage.md#composer-lock-the-lock-file"
    ],
    "hash": "609231c1fda642b1c22bf008f77a2d44",
    "packages": [
        {
            "name": "beberlei/assert",
            "version": "v2.0.1",
            "source": {
                "type": "git",
                "url": "https://github.com/beberlei/assert.git",
                "reference": "85ba3497e59e33f3d4a1754aafb33c82512f7647"
            },
            "dist": {
                "type": "zip",
                "url": "https://api.github.com/repos/beberlei/assert/zipball/85ba3497e59e33f3d4a1754aafb33c82512f7647",
                "reference": "85ba3497e59e33f3d4a1754aafb33c82512f7647",
                "shasum": ""
            },
            "require": {
                "ext-mbstring": "*"
            },
            "type": "library",
            "extra": {
                "branch-alias": {
                    "dev-master": "2.0.x-dev"
                }
            },
            "autoload": {
                "psr-0": {
                    "Assert": "lib/"
                },
                "files": [
                    "lib/Assert/functions.php"
                ]
            },
            "notification-url": "https://packagist.org/downloads/",
            "license": [
                "BSD-2-Clause"
            ],
            "authors": [
                {
                    "name": "Benjamin Eberlei",
                    "email": "kontakt@beberlei.de"
                }
            ],
            "description": "Thin assertion library for input validation in business models.",
            "keywords": [
                "assert",
                "assertion",
                "validation"
            ],
            "time": "2014-01-26 15:26:52"
        }
    ],
    "packages-dev": [

    ],
    "aliases": [

    ],
    "minimum-stability": "stable",
    "stability-flags": [

    ],
    "platform": {
        "php": ">=5.3"
    },
    "platform-dev": [

    ]
}
